PODS:
  - AFNetworking (3.2.1):
    - AFNetworking/NSURLSession (= 3.2.1)
    - AFNetworking/Reachability (= 3.2.1)
    - AFNetworking/Security (= 3.2.1)
    - AFNetworking/Serialization (= 3.2.1)
    - AFNetworking/UIKit (= 3.2.1)
  - AFNetworking/NSURLSession (3.2.1):
    - AFNetworking/Reachability
    - AFNetworking/Security
    - AFNetworking/Serialization
  - AFNetworking/Reachability (3.2.1)
  - AFNetworking/Security (3.2.1)
  - AFNetworking/Serialization (3.2.1)
  - AFNetworking/UIKit (3.2.1):
    - AFNetworking/NSURLSession
  - CocoaAsyncSocket (7.6.3)
  - Masonry (1.1.0)
  - SDWebImage (4.4.2):
    - SDWebImage/Core (= 4.4.2)
  - SDWebImage/Core (4.4.2)
  - SocketRocket (0.5.1)
  - YYKit (1.0.9):
    - YYKit/no-arc (= 1.0.9)
  - YYKit/no-arc (1.0.9)

DEPENDENCIES:
  - AFNetworking
  - CocoaAsyncSocket
  - Masonry
  - SDWebImage
  - SocketRocket
  - YYKit

SPEC REPOS:
  https://github.com/cocoapods/specs.git:
    - AFNetworking
    - CocoaAsyncSocket
    - Masonry
    - SDWebImage
    - SocketRocket
    - YYKit

SPEC CHECKSUMS:
  AFNetworking: b6f891fdfaed196b46c7a83cf209e09697b94057
  CocoaAsyncSocket: eafaa68a7e0ec99ead0a7b35015e0bf25d2c8987
  Masonry: 678fab65091a9290e40e2832a55e7ab731aad201
  SDWebImage: 624d6e296c69b244bcede364c72ae0430ac14681
  SocketRocket: d57c7159b83c3c6655745cd15302aa24b6bae531
  YYKit: 7cda43304a8dc3696c449041e2cb3107b4e236e7

PODFILE CHECKSUM: e54c17bcf5de46d196f3ae0f1e6e4670dbe0e0b1

COCOAPODS: 1.7.5
