// !$*UTF8*$!
{
	archiveVersion = 1;
	classes = {
	};
	objectVersion = 50;
	objects = {

/* Begin PBXBuildFile section */
		09113011236A76340001A9E9 /* JSContextTestVC.m in Sources */ = {isa = PBXBuildFile; fileRef = 09113010236A76340001A9E9 /* JSContextTestVC.m */; };
		09113017236A79A00001A9E9 /* index.js in Resources */ = {isa = PBXBuildFile; fileRef = 09113015236A79A00001A9E9 /* index.js */; };
		09232DED241098B6006B1ECB /* CGHDownloadManager.m in Sources */ = {isa = PBXBuildFile; fileRef = 09232DEC241098B6006B1ECB /* CGHDownloadManager.m */; };
		09232DF3241099E1006B1ECB /* CGHDownloadTask.m in Sources */ = {isa = PBXBuildFile; fileRef = 09232DF2241099E1006B1ECB /* CGHDownloadTask.m */; };
		0929DC39234DD1BC00BD1A1A /* TestRotateController.m in Sources */ = {isa = PBXBuildFile; fileRef = 0929DC37234DD1BC00BD1A1A /* TestRotateController.m */; };
		0929DC3A234DD1BC00BD1A1A /* TestRotateController.xib in Resources */ = {isa = PBXBuildFile; fileRef = 0929DC38234DD1BC00BD1A1A /* TestRotateController.xib */; };
		092DCB2D2366D516004A13B5 /* adver.png in Resources */ = {isa = PBXBuildFile; fileRef = 092DCB2C2366D516004A13B5 /* adver.png */; };
		092EFCA32423218E00BC73E1 /* CGHContactUtil.m in Sources */ = {isa = PBXBuildFile; fileRef = 092EFCA22423218E00BC73E1 /* CGHContactUtil.m */; };
		0943162D234C20DD004C985B /* sing.mp3 in Resources */ = {isa = PBXBuildFile; fileRef = 0943162C234C20DD004C985B /* sing.mp3 */; };
		09431631234C2108004C985B /* TestAudioVC.m in Sources */ = {isa = PBXBuildFile; fileRef = 0943162F234C2108004C985B /* TestAudioVC.m */; };
		09431632234C2108004C985B /* TestAudioVC.xib in Resources */ = {isa = PBXBuildFile; fileRef = 09431630234C2108004C985B /* TestAudioVC.xib */; };
		09431635234C42AA004C985B /* bullet.mp3 in Resources */ = {isa = PBXBuildFile; fileRef = 09431633234C42AA004C985B /* bullet.mp3 */; };
		09431636234C42AA004C985B /* boom.mp3 in Resources */ = {isa = PBXBuildFile; fileRef = 09431634234C42AA004C985B /* boom.mp3 */; };
		094F0816218F1DAC00445FEE /* AppDelegate.m in Sources */ = {isa = PBXBuildFile; fileRef = 094F0815218F1DAC00445FEE /* AppDelegate.m */; };
		094F0819218F1DAC00445FEE /* ViewController.m in Sources */ = {isa = PBXBuildFile; fileRef = 094F0818218F1DAC00445FEE /* ViewController.m */; };
		094F081C218F1DAC00445FEE /* Main.storyboard in Resources */ = {isa = PBXBuildFile; fileRef = 094F081A218F1DAC00445FEE /* Main.storyboard */; };
		094F081E218F1DB000445FEE /* Assets.xcassets in Resources */ = {isa = PBXBuildFile; fileRef = 094F081D218F1DB000445FEE /* Assets.xcassets */; };
		094F0821218F1DB000445FEE /* LaunchScreen.storyboard in Resources */ = {isa = PBXBuildFile; fileRef = 094F081F218F1DB000445FEE /* LaunchScreen.storyboard */; };
		094F0824218F1DB000445FEE /* main.m in Sources */ = {isa = PBXBuildFile; fileRef = 094F0823218F1DB000445FEE /* main.m */; };
		094F082E218F1DB100445FEE /* LFDemoTests.m in Sources */ = {isa = PBXBuildFile; fileRef = 094F082D218F1DB100445FEE /* LFDemoTests.m */; };
		094F0839218F1DB100445FEE /* LFDemoUITests.m in Sources */ = {isa = PBXBuildFile; fileRef = 094F0838218F1DB100445FEE /* LFDemoUITests.m */; };
		094F0854218F3B9300445FEE /* LFOptimazeTableVC.m in Sources */ = {isa = PBXBuildFile; fileRef = 094F0853218F3B9300445FEE /* LFOptimazeTableVC.m */; };
		094F0858218F3BB100445FEE /* LFUserCell.m in Sources */ = {isa = PBXBuildFile; fileRef = 094F0856218F3BB100445FEE /* LFUserCell.m */; };
		094F0859218F3BB100445FEE /* LFUserCell.xib in Resources */ = {isa = PBXBuildFile; fileRef = 094F0857218F3BB100445FEE /* LFUserCell.xib */; };
		094F085E218F45CA00445FEE /* YYFPSLabel.m in Sources */ = {isa = PBXBuildFile; fileRef = 094F085C218F45CA00445FEE /* YYFPSLabel.m */; };
		095A591F23668F3100A5207B /* SteamEngine.png in Resources */ = {isa = PBXBuildFile; fileRef = 095A591E23668F3100A5207B /* SteamEngine.png */; };
		095A59212366A3B700A5207B /* 灵魂匹配.png in Resources */ = {isa = PBXBuildFile; fileRef = 095A59202366A3B700A5207B /* 灵魂匹配.png */; };
		0979BB5A233315A900ECCE27 /* CGHWebController.m in Sources */ = {isa = PBXBuildFile; fileRef = 0979BB58233315A900ECCE27 /* CGHWebController.m */; };
		0979BB5D2333209B00ECCE27 /* index.html in Resources */ = {isa = PBXBuildFile; fileRef = 0979BB5C2333209B00ECCE27 /* index.html */; };
		09CCD5AF2363DBB80050AD8D /* CGHWebSocketServerURLProtocol.m in Sources */ = {isa = PBXBuildFile; fileRef = 09CCD5AE2363DBB80050AD8D /* CGHWebSocketServerURLProtocol.m */; };
		09CCD5B62363E3680050AD8D /* NSURLProtocol+WebKitSupport.m in Sources */ = {isa = PBXBuildFile; fileRef = 09CCD5B22363E3680050AD8D /* NSURLProtocol+WebKitSupport.m */; };
		09CCD5B72363E3680050AD8D /* NSString+ACObfuscation.m in Sources */ = {isa = PBXBuildFile; fileRef = 09CCD5B52363E3680050AD8D /* NSString+ACObfuscation.m */; };
		09D8D496241B74BE0052C75C /* indexa.js in Resources */ = {isa = PBXBuildFile; fileRef = 09D8D495241B74BE0052C75C /* indexa.js */; };
		09D9CF682410F1D100DFF038 /* CGHDownloadUtil.m in Sources */ = {isa = PBXBuildFile; fileRef = 09D9CF672410F1D100DFF038 /* CGHDownloadUtil.m */; };
		09DB2300242080A500965F0A /* CGHJSTimer.m in Sources */ = {isa = PBXBuildFile; fileRef = 09DB22FF242080A500965F0A /* CGHJSTimer.m */; };
		09EB59E42351C0A90047E031 /* CGHNavigationController.m in Sources */ = {isa = PBXBuildFile; fileRef = 09EB59E32351C0A90047E031 /* CGHNavigationController.m */; };
		09F0A2A324125AFF00A3C815 /* TestFileDownloadTableVC.m in Sources */ = {isa = PBXBuildFile; fileRef = 09F0A2A124125AFF00A3C815 /* TestFileDownloadTableVC.m */; };
		09F0A2A424125AFF00A3C815 /* TestFileDownloadTableVC.xib in Resources */ = {isa = PBXBuildFile; fileRef = 09F0A2A224125AFF00A3C815 /* TestFileDownloadTableVC.xib */; };
		09F0A2A824125B7400A3C815 /* FileDownloadCell.m in Sources */ = {isa = PBXBuildFile; fileRef = 09F0A2A624125B7400A3C815 /* FileDownloadCell.m */; };
		09F0A2A924125B7400A3C815 /* FileDownloadCell.xib in Resources */ = {isa = PBXBuildFile; fileRef = 09F0A2A724125B7400A3C815 /* FileDownloadCell.xib */; };
		09F3325B23B35469009022B6 /* CGHAudioStateManager.m in Sources */ = {isa = PBXBuildFile; fileRef = 09F3325923B35469009022B6 /* CGHAudioStateManager.m */; };
		09F8C84322FA737700981657 /* WebKit.framework in Frameworks */ = {isa = PBXBuildFile; fileRef = 09F8C84222FA737700981657 /* WebKit.framework */; };
		540A978DB89788E24D2BFD5C /* libPods-LFDemoUITests.a in Frameworks */ = {isa = PBXBuildFile; fileRef = 38B5E6C33FAF4A7E123D9CBA /* libPods-LFDemoUITests.a */; };
		6311B70C21EED7620058F650 /* ErrorImageTestVC.m in Sources */ = {isa = PBXBuildFile; fileRef = 6311B70A21EED7620058F650 /* ErrorImageTestVC.m */; };
		6311B70D21EED7620058F650 /* ErrorImageTestVC.xib in Resources */ = {isa = PBXBuildFile; fileRef = 6311B70B21EED7620058F650 /* ErrorImageTestVC.xib */; };
		631B0ADD21E8374D00CEBE60 /* UITextFieldTestVC.m in Sources */ = {isa = PBXBuildFile; fileRef = 631B0ADB21E8374D00CEBE60 /* UITextFieldTestVC.m */; };
		631B0ADE21E8374D00CEBE60 /* UITextFieldTestVC.xib in Resources */ = {isa = PBXBuildFile; fileRef = 631B0ADC21E8374D00CEBE60 /* UITextFieldTestVC.xib */; };
		6376F8712216C9D60005A1C4 /* YYCache_TestVC.m in Sources */ = {isa = PBXBuildFile; fileRef = 6376F86F2216C9D60005A1C4 /* YYCache_TestVC.m */; };
		6376F8722216C9D60005A1C4 /* YYCache_TestVC.xib in Resources */ = {isa = PBXBuildFile; fileRef = 6376F8702216C9D60005A1C4 /* YYCache_TestVC.xib */; };
		6376F8752216CA080005A1C4 /* DYCircleCacheHelper.m in Sources */ = {isa = PBXBuildFile; fileRef = 6376F8742216CA080005A1C4 /* DYCircleCacheHelper.m */; };
		63D115F121CDEF5600E35504 /* LFTextShowAllVC.m in Sources */ = {isa = PBXBuildFile; fileRef = 63D115F021CDEF5600E35504 /* LFTextShowAllVC.m */; };
		B0ABD8A956E4AD91D7CEA77A /* libPods-LFDemoTests.a in Frameworks */ = {isa = PBXBuildFile; fileRef = 049ECFB5838911FD47D5ADA6 /* libPods-LFDemoTests.a */; };
		D3A3BF66956F467B987BA64D /* libPods-LFDemo.a in Frameworks */ = {isa = PBXBuildFile; fileRef = E42F8F483D0D9AC54C968A54 /* libPods-LFDemo.a */; };
/* End PBXBuildFile section */

/* Begin PBXContainerItemProxy section */
		094F082A218F1DB100445FEE /* PBXContainerItemProxy */ = {
			isa = PBXContainerItemProxy;
			containerPortal = 094F0809218F1DAC00445FEE /* Project object */;
			proxyType = 1;
			remoteGlobalIDString = 094F0810218F1DAC00445FEE;
			remoteInfo = LFDemo;
		};
		094F0835218F1DB100445FEE /* PBXContainerItemProxy */ = {
			isa = PBXContainerItemProxy;
			containerPortal = 094F0809218F1DAC00445FEE /* Project object */;
			proxyType = 1;
			remoteGlobalIDString = 094F0810218F1DAC00445FEE;
			remoteInfo = LFDemo;
		};
/* End PBXContainerItemProxy section */

/* Begin PBXFileReference section */
		049ECFB5838911FD47D5ADA6 /* libPods-LFDemoTests.a */ = {isa = PBXFileReference; explicitFileType = archive.ar; includeInIndex = 0; path = "libPods-LFDemoTests.a"; sourceTree = BUILT_PRODUCTS_DIR; };
		07CD6463203455E32A8C76CB /* Pods-LFDemoTests.debug.xcconfig */ = {isa = PBXFileReference; includeInIndex = 1; lastKnownFileType = text.xcconfig; name = "Pods-LFDemoTests.debug.xcconfig"; path = "Pods/Target Support Files/Pods-LFDemoTests/Pods-LFDemoTests.debug.xcconfig"; sourceTree = "<group>"; };
		0911300F236A76340001A9E9 /* JSContextTestVC.h */ = {isa = PBXFileReference; lastKnownFileType = sourcecode.c.h; path = JSContextTestVC.h; sourceTree = "<group>"; };
		09113010236A76340001A9E9 /* JSContextTestVC.m */ = {isa = PBXFileReference; lastKnownFileType = sourcecode.c.objc; path = JSContextTestVC.m; sourceTree = "<group>"; };
		09113015236A79A00001A9E9 /* index.js */ = {isa = PBXFileReference; fileEncoding = 4; lastKnownFileType = sourcecode.javascript; path = index.js; sourceTree = "<group>"; };
		09232DEB241098B6006B1ECB /* CGHDownloadManager.h */ = {isa = PBXFileReference; lastKnownFileType = sourcecode.c.h; path = CGHDownloadManager.h; sourceTree = "<group>"; };
		09232DEC241098B6006B1ECB /* CGHDownloadManager.m */ = {isa = PBXFileReference; lastKnownFileType = sourcecode.c.objc; path = CGHDownloadManager.m; sourceTree = "<group>"; };
		09232DF1241099E1006B1ECB /* CGHDownloadTask.h */ = {isa = PBXFileReference; lastKnownFileType = sourcecode.c.h; path = CGHDownloadTask.h; sourceTree = "<group>"; };
		09232DF2241099E1006B1ECB /* CGHDownloadTask.m */ = {isa = PBXFileReference; lastKnownFileType = sourcecode.c.objc; path = CGHDownloadTask.m; sourceTree = "<group>"; };
		0929DC36234DD1BC00BD1A1A /* TestRotateController.h */ = {isa = PBXFileReference; lastKnownFileType = sourcecode.c.h; path = TestRotateController.h; sourceTree = "<group>"; };
		0929DC37234DD1BC00BD1A1A /* TestRotateController.m */ = {isa = PBXFileReference; lastKnownFileType = sourcecode.c.objc; path = TestRotateController.m; sourceTree = "<group>"; };
		0929DC38234DD1BC00BD1A1A /* TestRotateController.xib */ = {isa = PBXFileReference; lastKnownFileType = file.xib; path = TestRotateController.xib; sourceTree = "<group>"; };
		092DCB2C2366D516004A13B5 /* adver.png */ = {isa = PBXFileReference; lastKnownFileType = image.png; path = adver.png; sourceTree = "<group>"; };
		092EFC9E2423087100BC73E1 /* CGHContactsUtil.h */ = {isa = PBXFileReference; lastKnownFileType = sourcecode.c.h; path = CGHContactsUtil.h; sourceTree = "<group>"; };
		092EFCA22423218E00BC73E1 /* CGHContactUtil.m */ = {isa = PBXFileReference; fileEncoding = 4; lastKnownFileType = sourcecode.c.objc; path = CGHContactUtil.m; sourceTree = "<group>"; };
		0943162C234C20DD004C985B /* sing.mp3 */ = {isa = PBXFileReference; lastKnownFileType = audio.mp3; path = sing.mp3; sourceTree = "<group>"; };
		0943162E234C2108004C985B /* TestAudioVC.h */ = {isa = PBXFileReference; lastKnownFileType = sourcecode.c.h; path = TestAudioVC.h; sourceTree = "<group>"; };
		0943162F234C2108004C985B /* TestAudioVC.m */ = {isa = PBXFileReference; lastKnownFileType = sourcecode.c.objc; path = TestAudioVC.m; sourceTree = "<group>"; };
		09431630234C2108004C985B /* TestAudioVC.xib */ = {isa = PBXFileReference; lastKnownFileType = file.xib; path = TestAudioVC.xib; sourceTree = "<group>"; };
		09431633234C42AA004C985B /* bullet.mp3 */ = {isa = PBXFileReference; lastKnownFileType = audio.mp3; path = bullet.mp3; sourceTree = "<group>"; };
		09431634234C42AA004C985B /* boom.mp3 */ = {isa = PBXFileReference; lastKnownFileType = audio.mp3; path = boom.mp3; sourceTree = "<group>"; };
		094F0811218F1DAC00445FEE /* LFDemo.app */ = {isa = PBXFileReference; explicitFileType = wrapper.application; includeInIndex = 0; path = LFDemo.app; sourceTree = BUILT_PRODUCTS_DIR; };
		094F0814218F1DAC00445FEE /* AppDelegate.h */ = {isa = PBXFileReference; lastKnownFileType = sourcecode.c.h; path = AppDelegate.h; sourceTree = "<group>"; };
		094F0815218F1DAC00445FEE /* AppDelegate.m */ = {isa = PBXFileReference; lastKnownFileType = sourcecode.c.objc; path = AppDelegate.m; sourceTree = "<group>"; };
		094F0817218F1DAC00445FEE /* ViewController.h */ = {isa = PBXFileReference; lastKnownFileType = sourcecode.c.h; path = ViewController.h; sourceTree = "<group>"; };
		094F0818218F1DAC00445FEE /* ViewController.m */ = {isa = PBXFileReference; lastKnownFileType = sourcecode.c.objc; path = ViewController.m; sourceTree = "<group>"; };
		094F081B218F1DAC00445FEE /* Base */ = {isa = PBXFileReference; lastKnownFileType = file.storyboard; name = Base; path = Base.lproj/Main.storyboard; sourceTree = "<group>"; };
		094F081D218F1DB000445FEE /* Assets.xcassets */ = {isa = PBXFileReference; lastKnownFileType = folder.assetcatalog; path = Assets.xcassets; sourceTree = "<group>"; };
		094F0820218F1DB000445FEE /* Base */ = {isa = PBXFileReference; lastKnownFileType = file.storyboard; name = Base; path = Base.lproj/LaunchScreen.storyboard; sourceTree = "<group>"; };
		094F0822218F1DB000445FEE /* Info.plist */ = {isa = PBXFileReference; lastKnownFileType = text.plist.xml; path = Info.plist; sourceTree = "<group>"; };
		094F0823218F1DB000445FEE /* main.m */ = {isa = PBXFileReference; lastKnownFileType = sourcecode.c.objc; path = main.m; sourceTree = "<group>"; };
		094F0829218F1DB100445FEE /* LFDemoTests.xctest */ = {isa = PBXFileReference; explicitFileType = wrapper.cfbundle; includeInIndex = 0; path = LFDemoTests.xctest; sourceTree = BUILT_PRODUCTS_DIR; };
		094F082D218F1DB100445FEE /* LFDemoTests.m */ = {isa = PBXFileReference; lastKnownFileType = sourcecode.c.objc; path = LFDemoTests.m; sourceTree = "<group>"; };
		094F082F218F1DB100445FEE /* Info.plist */ = {isa = PBXFileReference; lastKnownFileType = text.plist.xml; path = Info.plist; sourceTree = "<group>"; };
		094F0834218F1DB100445FEE /* LFDemoUITests.xctest */ = {isa = PBXFileReference; explicitFileType = wrapper.cfbundle; includeInIndex = 0; path = LFDemoUITests.xctest; sourceTree = BUILT_PRODUCTS_DIR; };
		094F0838218F1DB100445FEE /* LFDemoUITests.m */ = {isa = PBXFileReference; lastKnownFileType = sourcecode.c.objc; path = LFDemoUITests.m; sourceTree = "<group>"; };
		094F083A218F1DB100445FEE /* Info.plist */ = {isa = PBXFileReference; lastKnownFileType = text.plist.xml; path = Info.plist; sourceTree = "<group>"; };
		094F0852218F3B9300445FEE /* LFOptimazeTableVC.h */ = {isa = PBXFileReference; lastKnownFileType = sourcecode.c.h; path = LFOptimazeTableVC.h; sourceTree = "<group>"; };
		094F0853218F3B9300445FEE /* LFOptimazeTableVC.m */ = {isa = PBXFileReference; lastKnownFileType = sourcecode.c.objc; path = LFOptimazeTableVC.m; sourceTree = "<group>"; };
		094F0855218F3BB100445FEE /* LFUserCell.h */ = {isa = PBXFileReference; lastKnownFileType = sourcecode.c.h; path = LFUserCell.h; sourceTree = "<group>"; };
		094F0856218F3BB100445FEE /* LFUserCell.m */ = {isa = PBXFileReference; lastKnownFileType = sourcecode.c.objc; path = LFUserCell.m; sourceTree = "<group>"; };
		094F0857218F3BB100445FEE /* LFUserCell.xib */ = {isa = PBXFileReference; lastKnownFileType = file.xib; path = LFUserCell.xib; sourceTree = "<group>"; };
		094F085C218F45CA00445FEE /* YYFPSLabel.m */ = {isa = PBXFileReference; fileEncoding = 4; lastKnownFileType = sourcecode.c.objc; path = YYFPSLabel.m; sourceTree = "<group>"; };
		094F085D218F45CA00445FEE /* YYFPSLabel.h */ = {isa = PBXFileReference; fileEncoding = 4; lastKnownFileType = sourcecode.c.h; path = YYFPSLabel.h; sourceTree = "<group>"; };
		095A591E23668F3100A5207B /* SteamEngine.png */ = {isa = PBXFileReference; lastKnownFileType = image.png; path = SteamEngine.png; sourceTree = "<group>"; };
		095A59202366A3B700A5207B /* 灵魂匹配.png */ = {isa = PBXFileReference; lastKnownFileType = image.png; path = "灵魂匹配.png"; sourceTree = "<group>"; };
		0979BB57233315A900ECCE27 /* CGHWebController.h */ = {isa = PBXFileReference; lastKnownFileType = sourcecode.c.h; name = CGHWebController.h; path = "../../../../../../../../System/Volumes/Data/Users/wulinfeng/iOS开发/Sourcetree/LFDemo/LFDemo/Test/Web/CGHWebController.h"; sourceTree = "<group>"; };
		0979BB58233315A900ECCE27 /* CGHWebController.m */ = {isa = PBXFileReference; lastKnownFileType = sourcecode.c.objc; name = CGHWebController.m; path = "../../../../../../../../System/Volumes/Data/Users/wulinfeng/iOS开发/Sourcetree/LFDemo/LFDemo/Test/Web/CGHWebController.m"; sourceTree = "<group>"; };
		0979BB5C2333209B00ECCE27 /* index.html */ = {isa = PBXFileReference; fileEncoding = 4; lastKnownFileType = text.html; path = index.html; sourceTree = "<group>"; };
		09CCD5AD2363DBB80050AD8D /* CGHWebSocketServerURLProtocol.h */ = {isa = PBXFileReference; fileEncoding = 4; lastKnownFileType = sourcecode.c.h; path = CGHWebSocketServerURLProtocol.h; sourceTree = "<group>"; };
		09CCD5AE2363DBB80050AD8D /* CGHWebSocketServerURLProtocol.m */ = {isa = PBXFileReference; fileEncoding = 4; lastKnownFileType = sourcecode.c.objc; path = CGHWebSocketServerURLProtocol.m; sourceTree = "<group>"; };
		09CCD5B22363E3680050AD8D /* NSURLProtocol+WebKitSupport.m */ = {isa = PBXFileReference; fileEncoding = 4; lastKnownFileType = sourcecode.c.objc; path = "NSURLProtocol+WebKitSupport.m"; sourceTree = "<group>"; };
		09CCD5B32363E3680050AD8D /* NSURLProtocol+WebKitSupport.h */ = {isa = PBXFileReference; fileEncoding = 4; lastKnownFileType = sourcecode.c.h; path = "NSURLProtocol+WebKitSupport.h"; sourceTree = "<group>"; };
		09CCD5B42363E3680050AD8D /* NSString+ACObfuscation.h */ = {isa = PBXFileReference; fileEncoding = 4; lastKnownFileType = sourcecode.c.h; path = "NSString+ACObfuscation.h"; sourceTree = "<group>"; };
		09CCD5B52363E3680050AD8D /* NSString+ACObfuscation.m */ = {isa = PBXFileReference; fileEncoding = 4; lastKnownFileType = sourcecode.c.objc; path = "NSString+ACObfuscation.m"; sourceTree = "<group>"; };
		09CCD5B82363E3F80050AD8D /* ACObfuscationHeader.h */ = {isa = PBXFileReference; fileEncoding = 4; lastKnownFileType = sourcecode.c.h; path = ACObfuscationHeader.h; sourceTree = "<group>"; };
		09D8D495241B74BE0052C75C /* indexa.js */ = {isa = PBXFileReference; fileEncoding = 4; lastKnownFileType = sourcecode.javascript; path = indexa.js; sourceTree = "<group>"; };
		09D9CF662410F1D100DFF038 /* CGHDownloadUtil.h */ = {isa = PBXFileReference; lastKnownFileType = sourcecode.c.h; path = CGHDownloadUtil.h; sourceTree = "<group>"; };
		09D9CF672410F1D100DFF038 /* CGHDownloadUtil.m */ = {isa = PBXFileReference; lastKnownFileType = sourcecode.c.objc; path = CGHDownloadUtil.m; sourceTree = "<group>"; };
		09DB22FE242080A500965F0A /* CGHJSTimer.h */ = {isa = PBXFileReference; fileEncoding = 4; lastKnownFileType = sourcecode.c.h; path = CGHJSTimer.h; sourceTree = "<group>"; };
		09DB22FF242080A500965F0A /* CGHJSTimer.m */ = {isa = PBXFileReference; fileEncoding = 4; lastKnownFileType = sourcecode.c.objc; path = CGHJSTimer.m; sourceTree = "<group>"; };
		09EB59E22351C0A90047E031 /* CGHNavigationController.h */ = {isa = PBXFileReference; lastKnownFileType = sourcecode.c.h; path = CGHNavigationController.h; sourceTree = "<group>"; };
		09EB59E32351C0A90047E031 /* CGHNavigationController.m */ = {isa = PBXFileReference; lastKnownFileType = sourcecode.c.objc; path = CGHNavigationController.m; sourceTree = "<group>"; };
		09F0A2A024125AFF00A3C815 /* TestFileDownloadTableVC.h */ = {isa = PBXFileReference; lastKnownFileType = sourcecode.c.h; path = TestFileDownloadTableVC.h; sourceTree = "<group>"; };
		09F0A2A124125AFF00A3C815 /* TestFileDownloadTableVC.m */ = {isa = PBXFileReference; lastKnownFileType = sourcecode.c.objc; path = TestFileDownloadTableVC.m; sourceTree = "<group>"; };
		09F0A2A224125AFF00A3C815 /* TestFileDownloadTableVC.xib */ = {isa = PBXFileReference; lastKnownFileType = file.xib; path = TestFileDownloadTableVC.xib; sourceTree = "<group>"; };
		09F0A2A524125B7400A3C815 /* FileDownloadCell.h */ = {isa = PBXFileReference; lastKnownFileType = sourcecode.c.h; path = FileDownloadCell.h; sourceTree = "<group>"; };
		09F0A2A624125B7400A3C815 /* FileDownloadCell.m */ = {isa = PBXFileReference; lastKnownFileType = sourcecode.c.objc; path = FileDownloadCell.m; sourceTree = "<group>"; };
		09F0A2A724125B7400A3C815 /* FileDownloadCell.xib */ = {isa = PBXFileReference; lastKnownFileType = file.xib; path = FileDownloadCell.xib; sourceTree = "<group>"; };
		09F3325923B35469009022B6 /* CGHAudioStateManager.m */ = {isa = PBXFileReference; fileEncoding = 4; lastKnownFileType = sourcecode.c.objc; path = CGHAudioStateManager.m; sourceTree = "<group>"; };
		09F3325A23B35469009022B6 /* CGHAudioStateManager.h */ = {isa = PBXFileReference; fileEncoding = 4; lastKnownFileType = sourcecode.c.h; path = CGHAudioStateManager.h; sourceTree = "<group>"; };
		09F8C84222FA737700981657 /* WebKit.framework */ = {isa = PBXFileReference; lastKnownFileType = wrapper.framework; name = WebKit.framework; path = System/Library/Frameworks/WebKit.framework; sourceTree = SDKROOT; };
		0DAFC32F3BFFA1488E94CD21 /* Pods-LFDemoUITests.debug.xcconfig */ = {isa = PBXFileReference; includeInIndex = 1; lastKnownFileType = text.xcconfig; name = "Pods-LFDemoUITests.debug.xcconfig"; path = "Pods/Target Support Files/Pods-LFDemoUITests/Pods-LFDemoUITests.debug.xcconfig"; sourceTree = "<group>"; };
		38B5E6C33FAF4A7E123D9CBA /* libPods-LFDemoUITests.a */ = {isa = PBXFileReference; explicitFileType = archive.ar; includeInIndex = 0; path = "libPods-LFDemoUITests.a"; sourceTree = BUILT_PRODUCTS_DIR; };
		6311B70921EED7620058F650 /* ErrorImageTestVC.h */ = {isa = PBXFileReference; lastKnownFileType = sourcecode.c.h; path = ErrorImageTestVC.h; sourceTree = "<group>"; };
		6311B70A21EED7620058F650 /* ErrorImageTestVC.m */ = {isa = PBXFileReference; lastKnownFileType = sourcecode.c.objc; path = ErrorImageTestVC.m; sourceTree = "<group>"; };
		6311B70B21EED7620058F650 /* ErrorImageTestVC.xib */ = {isa = PBXFileReference; lastKnownFileType = file.xib; path = ErrorImageTestVC.xib; sourceTree = "<group>"; };
		631B0ADA21E8374D00CEBE60 /* UITextFieldTestVC.h */ = {isa = PBXFileReference; lastKnownFileType = sourcecode.c.h; path = UITextFieldTestVC.h; sourceTree = "<group>"; };
		631B0ADB21E8374D00CEBE60 /* UITextFieldTestVC.m */ = {isa = PBXFileReference; lastKnownFileType = sourcecode.c.objc; path = UITextFieldTestVC.m; sourceTree = "<group>"; };
		631B0ADC21E8374D00CEBE60 /* UITextFieldTestVC.xib */ = {isa = PBXFileReference; lastKnownFileType = file.xib; path = UITextFieldTestVC.xib; sourceTree = "<group>"; };
		6376F86E2216C9D60005A1C4 /* YYCache_TestVC.h */ = {isa = PBXFileReference; lastKnownFileType = sourcecode.c.h; path = YYCache_TestVC.h; sourceTree = "<group>"; };
		6376F86F2216C9D60005A1C4 /* YYCache_TestVC.m */ = {isa = PBXFileReference; lastKnownFileType = sourcecode.c.objc; path = YYCache_TestVC.m; sourceTree = "<group>"; };
		6376F8702216C9D60005A1C4 /* YYCache_TestVC.xib */ = {isa = PBXFileReference; lastKnownFileType = file.xib; path = YYCache_TestVC.xib; sourceTree = "<group>"; };
		6376F8732216CA080005A1C4 /* DYCircleCacheHelper.h */ = {isa = PBXFileReference; lastKnownFileType = sourcecode.c.h; path = DYCircleCacheHelper.h; sourceTree = "<group>"; };
		6376F8742216CA080005A1C4 /* DYCircleCacheHelper.m */ = {isa = PBXFileReference; lastKnownFileType = sourcecode.c.objc; path = DYCircleCacheHelper.m; sourceTree = "<group>"; };
		63D115EF21CDEF5600E35504 /* LFTextShowAllVC.h */ = {isa = PBXFileReference; lastKnownFileType = sourcecode.c.h; path = LFTextShowAllVC.h; sourceTree = "<group>"; };
		63D115F021CDEF5600E35504 /* LFTextShowAllVC.m */ = {isa = PBXFileReference; lastKnownFileType = sourcecode.c.objc; path = LFTextShowAllVC.m; sourceTree = "<group>"; };
		6D2CC1CCB35EFEEC38BBF562 /* Pods-LFDemoUITests.release.xcconfig */ = {isa = PBXFileReference; includeInIndex = 1; lastKnownFileType = text.xcconfig; name = "Pods-LFDemoUITests.release.xcconfig"; path = "Pods/Target Support Files/Pods-LFDemoUITests/Pods-LFDemoUITests.release.xcconfig"; sourceTree = "<group>"; };
		8E4C9C97D11F058BB60D6A93 /* Pods-LFDemo.release.xcconfig */ = {isa = PBXFileReference; includeInIndex = 1; lastKnownFileType = text.xcconfig; name = "Pods-LFDemo.release.xcconfig"; path = "Pods/Target Support Files/Pods-LFDemo/Pods-LFDemo.release.xcconfig"; sourceTree = "<group>"; };
		AC80C295C0F075A100FE9FD7 /* Pods-LFDemoTests.release.xcconfig */ = {isa = PBXFileReference; includeInIndex = 1; lastKnownFileType = text.xcconfig; name = "Pods-LFDemoTests.release.xcconfig"; path = "Pods/Target Support Files/Pods-LFDemoTests/Pods-LFDemoTests.release.xcconfig"; sourceTree = "<group>"; };
		B2D072A2F4E528A3210830EB /* Pods-LFDemo.debug.xcconfig */ = {isa = PBXFileReference; includeInIndex = 1; lastKnownFileType = text.xcconfig; name = "Pods-LFDemo.debug.xcconfig"; path = "Pods/Target Support Files/Pods-LFDemo/Pods-LFDemo.debug.xcconfig"; sourceTree = "<group>"; };
		E42F8F483D0D9AC54C968A54 /* libPods-LFDemo.a */ = {isa = PBXFileReference; explicitFileType = archive.ar; includeInIndex = 0; path = "libPods-LFDemo.a"; sourceTree = BUILT_PRODUCTS_DIR; };
/* End PBXFileReference section */

/* Begin PBXFrameworksBuildPhase section */
		094F080E218F1DAC00445FEE /* Frameworks */ = {
			isa = PBXFrameworksBuildPhase;
			buildActionMask = 2147483647;
			files = (
				09F8C84322FA737700981657 /* WebKit.framework in Frameworks */,
				D3A3BF66956F467B987BA64D /* libPods-LFDemo.a in Frameworks */,
			);
			runOnlyForDeploymentPostprocessing = 0;
		};
		094F0826218F1DB100445FEE /* Frameworks */ = {
			isa = PBXFrameworksBuildPhase;
			buildActionMask = 2147483647;
			files = (
				B0ABD8A956E4AD91D7CEA77A /* libPods-LFDemoTests.a in Frameworks */,
			);
			runOnlyForDeploymentPostprocessing = 0;
		};
		094F0831218F1DB100445FEE /* Frameworks */ = {
			isa = PBXFrameworksBuildPhase;
			buildActionMask = 2147483647;
			files = (
				540A978DB89788E24D2BFD5C /* libPods-LFDemoUITests.a in Frameworks */,
			);
			runOnlyForDeploymentPostprocessing = 0;
		};
/* End PBXFrameworksBuildPhase section */

/* Begin PBXGroup section */
		0911300E236A760C0001A9E9 /* JSContext */ = {
			isa = PBXGroup;
			children = (
				0911300F236A76340001A9E9 /* JSContextTestVC.h */,
				09113010236A76340001A9E9 /* JSContextTestVC.m */,
				09DB22FE242080A500965F0A /* CGHJSTimer.h */,
				09DB22FF242080A500965F0A /* CGHJSTimer.m */,
				09113012236A79A00001A9E9 /* js */,
			);
			path = JSContext;
			sourceTree = "<group>";
		};
		09113012236A79A00001A9E9 /* js */ = {
			isa = PBXGroup;
			children = (
				09113015236A79A00001A9E9 /* index.js */,
				09D8D495241B74BE0052C75C /* indexa.js */,
			);
			path = js;
			sourceTree = "<group>";
		};
		0929DC35234DD19300BD1A1A /* Rotate */ = {
			isa = PBXGroup;
			children = (
				0929DC36234DD1BC00BD1A1A /* TestRotateController.h */,
				0929DC37234DD1BC00BD1A1A /* TestRotateController.m */,
				0929DC38234DD1BC00BD1A1A /* TestRotateController.xib */,
				09EB59E22351C0A90047E031 /* CGHNavigationController.h */,
				09EB59E32351C0A90047E031 /* CGHNavigationController.m */,
			);
			path = Rotate;
			sourceTree = "<group>";
		};
		092EFC9D242306B700BC73E1 /* SelectContact */ = {
			isa = PBXGroup;
			children = (
				092EFC9E2423087100BC73E1 /* CGHContactsUtil.h */,
				092EFCA22423218E00BC73E1 /* CGHContactUtil.m */,
			);
			path = SelectContact;
			sourceTree = "<group>";
		};
		0943162B234C2085004C985B /* Audio */ = {
			isa = PBXGroup;
			children = (
				0943162C234C20DD004C985B /* sing.mp3 */,
				09431634234C42AA004C985B /* boom.mp3 */,
				09431633234C42AA004C985B /* bullet.mp3 */,
				0943162E234C2108004C985B /* TestAudioVC.h */,
				0943162F234C2108004C985B /* TestAudioVC.m */,
				09431630234C2108004C985B /* TestAudioVC.xib */,
				09F3325A23B35469009022B6 /* CGHAudioStateManager.h */,
				09F3325923B35469009022B6 /* CGHAudioStateManager.m */,
			);
			path = Audio;
			sourceTree = "<group>";
		};
		094F0808218F1DAC00445FEE = {
			isa = PBXGroup;
			children = (
				094F0813218F1DAC00445FEE /* LFDemo */,
				094F082C218F1DB100445FEE /* LFDemoTests */,
				094F0837218F1DB100445FEE /* LFDemoUITests */,
				094F0812218F1DAC00445FEE /* Products */,
				EB3C0DBD89C5D95BC0E9B1D7 /* Pods */,
				648BE565A953ED0057C090FC /* Frameworks */,
			);
			sourceTree = "<group>";
		};
		094F0812218F1DAC00445FEE /* Products */ = {
			isa = PBXGroup;
			children = (
				094F0811218F1DAC00445FEE /* LFDemo.app */,
				094F0829218F1DB100445FEE /* LFDemoTests.xctest */,
				094F0834218F1DB100445FEE /* LFDemoUITests.xctest */,
			);
			name = Products;
			sourceTree = "<group>";
		};
		094F0813218F1DAC00445FEE /* LFDemo */ = {
			isa = PBXGroup;
			children = (
				094F085B218F459A00445FEE /* 3rd */,
				094F0850218F3B6700445FEE /* Test */,
				094F0814218F1DAC00445FEE /* AppDelegate.h */,
				094F0815218F1DAC00445FEE /* AppDelegate.m */,
				094F0817218F1DAC00445FEE /* ViewController.h */,
				094F0818218F1DAC00445FEE /* ViewController.m */,
				094F081A218F1DAC00445FEE /* Main.storyboard */,
				094F081D218F1DB000445FEE /* Assets.xcassets */,
				094F081F218F1DB000445FEE /* LaunchScreen.storyboard */,
				094F0822218F1DB000445FEE /* Info.plist */,
				094F0823218F1DB000445FEE /* main.m */,
			);
			path = LFDemo;
			sourceTree = "<group>";
		};
		094F082C218F1DB100445FEE /* LFDemoTests */ = {
			isa = PBXGroup;
			children = (
				094F082D218F1DB100445FEE /* LFDemoTests.m */,
				094F082F218F1DB100445FEE /* Info.plist */,
			);
			path = LFDemoTests;
			sourceTree = "<group>";
		};
		094F0837218F1DB100445FEE /* LFDemoUITests */ = {
			isa = PBXGroup;
			children = (
				094F0838218F1DB100445FEE /* LFDemoUITests.m */,
				094F083A218F1DB100445FEE /* Info.plist */,
			);
			path = LFDemoUITests;
			sourceTree = "<group>";
		};
		094F0850218F3B6700445FEE /* Test */ = {
			isa = PBXGroup;
			children = (
				092EFC9D242306B700BC73E1 /* SelectContact */,
				09E2DC0D240F385C00CD9853 /* FileDownload */,
				0911300E236A760C0001A9E9 /* JSContext */,
				0929DC35234DD19300BD1A1A /* Rotate */,
				0943162B234C2085004C985B /* Audio */,
				0979BB562333158A00ECCE27 /* Web */,
				6376F86D2216C9320005A1C4 /* YYCache_Test */,
				6311B70821EED7190058F650 /* ErrorImage */,
				631B0AD421E8297100CEBE60 /* UITextField */,
				63D115F221CDEF5D00E35504 /* TextShowAll */,
				094F0851218F3B7400445FEE /* TableView */,
			);
			path = Test;
			sourceTree = "<group>";
		};
		094F0851218F3B7400445FEE /* TableView */ = {
			isa = PBXGroup;
			children = (
				094F0852218F3B9300445FEE /* LFOptimazeTableVC.h */,
				094F0853218F3B9300445FEE /* LFOptimazeTableVC.m */,
				094F0855218F3BB100445FEE /* LFUserCell.h */,
				094F0856218F3BB100445FEE /* LFUserCell.m */,
				094F0857218F3BB100445FEE /* LFUserCell.xib */,
			);
			path = TableView;
			sourceTree = "<group>";
		};
		094F085B218F459A00445FEE /* 3rd */ = {
			isa = PBXGroup;
			children = (
				094F085D218F45CA00445FEE /* YYFPSLabel.h */,
				094F085C218F45CA00445FEE /* YYFPSLabel.m */,
			);
			path = 3rd;
			sourceTree = "<group>";
		};
		0979BB562333158A00ECCE27 /* Web */ = {
			isa = PBXGroup;
			children = (
				0979BB57233315A900ECCE27 /* CGHWebController.h */,
				0979BB58233315A900ECCE27 /* CGHWebController.m */,
				09CCD5AD2363DBB80050AD8D /* CGHWebSocketServerURLProtocol.h */,
				09CCD5AE2363DBB80050AD8D /* CGHWebSocketServerURLProtocol.m */,
				09CCD5B42363E3680050AD8D /* NSString+ACObfuscation.h */,
				09CCD5B52363E3680050AD8D /* NSString+ACObfuscation.m */,
				09CCD5B32363E3680050AD8D /* NSURLProtocol+WebKitSupport.h */,
				09CCD5B22363E3680050AD8D /* NSURLProtocol+WebKitSupport.m */,
				09CCD5B82363E3F80050AD8D /* ACObfuscationHeader.h */,
				0979BB5C2333209B00ECCE27 /* index.html */,
				095A591E23668F3100A5207B /* SteamEngine.png */,
				095A59202366A3B700A5207B /* 灵魂匹配.png */,
				092DCB2C2366D516004A13B5 /* adver.png */,
			);
			path = Web;
			sourceTree = "<group>";
		};
		09D9CF7D2411068900DFF038 /* CGHDownloadManager */ = {
			isa = PBXGroup;
			children = (
				09232DEB241098B6006B1ECB /* CGHDownloadManager.h */,
				09232DEC241098B6006B1ECB /* CGHDownloadManager.m */,
				09232DF1241099E1006B1ECB /* CGHDownloadTask.h */,
				09232DF2241099E1006B1ECB /* CGHDownloadTask.m */,
				09D9CF662410F1D100DFF038 /* CGHDownloadUtil.h */,
				09D9CF672410F1D100DFF038 /* CGHDownloadUtil.m */,
			);
			path = CGHDownloadManager;
			sourceTree = "<group>";
		};
		09E2DC0D240F385C00CD9853 /* FileDownload */ = {
			isa = PBXGroup;
			children = (
				09D9CF7D2411068900DFF038 /* CGHDownloadManager */,
				09F0A2A024125AFF00A3C815 /* TestFileDownloadTableVC.h */,
				09F0A2A124125AFF00A3C815 /* TestFileDownloadTableVC.m */,
				09F0A2A224125AFF00A3C815 /* TestFileDownloadTableVC.xib */,
				09F0A2A524125B7400A3C815 /* FileDownloadCell.h */,
				09F0A2A624125B7400A3C815 /* FileDownloadCell.m */,
				09F0A2A724125B7400A3C815 /* FileDownloadCell.xib */,
			);
			path = FileDownload;
			sourceTree = "<group>";
		};
		6311B70821EED7190058F650 /* ErrorImage */ = {
			isa = PBXGroup;
			children = (
				6311B70921EED7620058F650 /* ErrorImageTestVC.h */,
				6311B70A21EED7620058F650 /* ErrorImageTestVC.m */,
				6311B70B21EED7620058F650 /* ErrorImageTestVC.xib */,
			);
			path = ErrorImage;
			sourceTree = "<group>";
		};
		631B0AD421E8297100CEBE60 /* UITextField */ = {
			isa = PBXGroup;
			children = (
				631B0ADA21E8374D00CEBE60 /* UITextFieldTestVC.h */,
				631B0ADB21E8374D00CEBE60 /* UITextFieldTestVC.m */,
				631B0ADC21E8374D00CEBE60 /* UITextFieldTestVC.xib */,
			);
			path = UITextField;
			sourceTree = "<group>";
		};
		6376F86D2216C9320005A1C4 /* YYCache_Test */ = {
			isa = PBXGroup;
			children = (
				6376F86E2216C9D60005A1C4 /* YYCache_TestVC.h */,
				6376F86F2216C9D60005A1C4 /* YYCache_TestVC.m */,
				6376F8702216C9D60005A1C4 /* YYCache_TestVC.xib */,
				6376F8732216CA080005A1C4 /* DYCircleCacheHelper.h */,
				6376F8742216CA080005A1C4 /* DYCircleCacheHelper.m */,
			);
			path = YYCache_Test;
			sourceTree = "<group>";
		};
		63D115F221CDEF5D00E35504 /* TextShowAll */ = {
			isa = PBXGroup;
			children = (
				63D115EF21CDEF5600E35504 /* LFTextShowAllVC.h */,
				63D115F021CDEF5600E35504 /* LFTextShowAllVC.m */,
			);
			path = TextShowAll;
			sourceTree = "<group>";
		};
		648BE565A953ED0057C090FC /* Frameworks */ = {
			isa = PBXGroup;
			children = (
				09F8C84222FA737700981657 /* WebKit.framework */,
				E42F8F483D0D9AC54C968A54 /* libPods-LFDemo.a */,
				049ECFB5838911FD47D5ADA6 /* libPods-LFDemoTests.a */,
				38B5E6C33FAF4A7E123D9CBA /* libPods-LFDemoUITests.a */,
			);
			name = Frameworks;
			sourceTree = "<group>";
		};
		EB3C0DBD89C5D95BC0E9B1D7 /* Pods */ = {
			isa = PBXGroup;
			children = (
				B2D072A2F4E528A3210830EB /* Pods-LFDemo.debug.xcconfig */,
				8E4C9C97D11F058BB60D6A93 /* Pods-LFDemo.release.xcconfig */,
				07CD6463203455E32A8C76CB /* Pods-LFDemoTests.debug.xcconfig */,
				AC80C295C0F075A100FE9FD7 /* Pods-LFDemoTests.release.xcconfig */,
				0DAFC32F3BFFA1488E94CD21 /* Pods-LFDemoUITests.debug.xcconfig */,
				6D2CC1CCB35EFEEC38BBF562 /* Pods-LFDemoUITests.release.xcconfig */,
			);
			name = Pods;
			sourceTree = "<group>";
		};
/* End PBXGroup section */

/* Begin PBXNativeTarget section */
		094F0810218F1DAC00445FEE /* LFDemo */ = {
			isa = PBXNativeTarget;
			buildConfigurationList = 094F083D218F1DB100445FEE /* Build configuration list for PBXNativeTarget "LFDemo" */;
			buildPhases = (
				869FF3ECD27FEE9945C7718E /* [CP] Check Pods Manifest.lock */,
				094F080D218F1DAC00445FEE /* Sources */,
				094F080E218F1DAC00445FEE /* Frameworks */,
				094F080F218F1DAC00445FEE /* Resources */,
			);
			buildRules = (
			);
			dependencies = (
			);
			name = LFDemo;
			productName = LFDemo;
			productReference = 094F0811218F1DAC00445FEE /* LFDemo.app */;
			productType = "com.apple.product-type.application";
		};
		094F0828218F1DB100445FEE /* LFDemoTests */ = {
			isa = PBXNativeTarget;
			buildConfigurationList = 094F0840218F1DB100445FEE /* Build configuration list for PBXNativeTarget "LFDemoTests" */;
			buildPhases = (
				7A9637BBE251EB39AA66C5AB /* [CP] Check Pods Manifest.lock */,
				094F0825218F1DB100445FEE /* Sources */,
				094F0826218F1DB100445FEE /* Frameworks */,
				094F0827218F1DB100445FEE /* Resources */,
			);
			buildRules = (
			);
			dependencies = (
				094F082B218F1DB100445FEE /* PBXTargetDependency */,
			);
			name = LFDemoTests;
			productName = LFDemoTests;
			productReference = 094F0829218F1DB100445FEE /* LFDemoTests.xctest */;
			productType = "com.apple.product-type.bundle.unit-test";
		};
		094F0833218F1DB100445FEE /* LFDemoUITests */ = {
			isa = PBXNativeTarget;
			buildConfigurationList = 094F0843218F1DB100445FEE /* Build configuration list for PBXNativeTarget "LFDemoUITests" */;
			buildPhases = (
				CDA92684FC420C395C24C553 /* [CP] Check Pods Manifest.lock */,
				094F0830218F1DB100445FEE /* Sources */,
				094F0831218F1DB100445FEE /* Frameworks */,
				094F0832218F1DB100445FEE /* Resources */,
			);
			buildRules = (
			);
			dependencies = (
				094F0836218F1DB100445FEE /* PBXTargetDependency */,
			);
			name = LFDemoUITests;
			productName = LFDemoUITests;
			productReference = 094F0834218F1DB100445FEE /* LFDemoUITests.xctest */;
			productType = "com.apple.product-type.bundle.ui-testing";
		};
/* End PBXNativeTarget section */

/* Begin PBXProject section */
		094F0809218F1DAC00445FEE /* Project object */ = {
			isa = PBXProject;
			attributes = {
				LastUpgradeCheck = 1000;
				ORGANIZATIONNAME = lio;
				TargetAttributes = {
					094F0810218F1DAC00445FEE = {
						CreatedOnToolsVersion = 10.0;
					};
					094F0828218F1DB100445FEE = {
						CreatedOnToolsVersion = 10.0;
						TestTargetID = 094F0810218F1DAC00445FEE;
					};
					094F0833218F1DB100445FEE = {
						CreatedOnToolsVersion = 10.0;
						TestTargetID = 094F0810218F1DAC00445FEE;
					};
				};
			};
			buildConfigurationList = 094F080C218F1DAC00445FEE /* Build configuration list for PBXProject "LFDemo" */;
			compatibilityVersion = "Xcode 9.3";
			developmentRegion = en;
			hasScannedForEncodings = 0;
			knownRegions = (
				en,
				Base,
			);
			mainGroup = 094F0808218F1DAC00445FEE;
			productRefGroup = 094F0812218F1DAC00445FEE /* Products */;
			projectDirPath = "";
			projectRoot = "";
			targets = (
				094F0810218F1DAC00445FEE /* LFDemo */,
				094F0828218F1DB100445FEE /* LFDemoTests */,
				094F0833218F1DB100445FEE /* LFDemoUITests */,
			);
		};
/* End PBXProject section */

/* Begin PBXResourcesBuildPhase section */
		094F080F218F1DAC00445FEE /* Resources */ = {
			isa = PBXResourcesBuildPhase;
			buildActionMask = 2147483647;
			files = (
				0929DC3A234DD1BC00BD1A1A /* TestRotateController.xib in Resources */,
				09F0A2A424125AFF00A3C815 /* TestFileDownloadTableVC.xib in Resources */,
				094F0859218F3BB100445FEE /* LFUserCell.xib in Resources */,
				09431632234C2108004C985B /* TestAudioVC.xib in Resources */,
				0943162D234C20DD004C985B /* sing.mp3 in Resources */,
				09D8D496241B74BE0052C75C /* indexa.js in Resources */,
				6376F8722216C9D60005A1C4 /* YYCache_TestVC.xib in Resources */,
				09431635234C42AA004C985B /* bullet.mp3 in Resources */,
				631B0ADE21E8374D00CEBE60 /* UITextFieldTestVC.xib in Resources */,
				09431636234C42AA004C985B /* boom.mp3 in Resources */,
				092DCB2D2366D516004A13B5 /* adver.png in Resources */,
				095A59212366A3B700A5207B /* 灵魂匹配.png in Resources */,
				09113017236A79A00001A9E9 /* index.js in Resources */,
				0979BB5D2333209B00ECCE27 /* index.html in Resources */,
				094F0821218F1DB000445FEE /* LaunchScreen.storyboard in Resources */,
				094F081E218F1DB000445FEE /* Assets.xcassets in Resources */,
				6311B70D21EED7620058F650 /* ErrorImageTestVC.xib in Resources */,
				09F0A2A924125B7400A3C815 /* FileDownloadCell.xib in Resources */,
				094F081C218F1DAC00445FEE /* Main.storyboard in Resources */,
				095A591F23668F3100A5207B /* SteamEngine.png in Resources */,
			);
			runOnlyForDeploymentPostprocessing = 0;
		};
		094F0827218F1DB100445FEE /* Resources */ = {
			isa = PBXResourcesBuildPhase;
			buildActionMask = 2147483647;
			files = (
			);
			runOnlyForDeploymentPostprocessing = 0;
		};
		094F0832218F1DB100445FEE /* Resources */ = {
			isa = PBXResourcesBuildPhase;
			buildActionMask = 2147483647;
			files = (
			);
			runOnlyForDeploymentPostprocessing = 0;
		};
/* End PBXResourcesBuildPhase section */

/* Begin PBXShellScriptBuildPhase section */
		7A9637BBE251EB39AA66C5AB /* [CP] Check Pods Manifest.lock */ = {
			isa = PBXShellScriptBuildPhase;
			buildActionMask = 2147483647;
			files = (
			);
			inputFileListPaths = (
			);
			inputPaths = (
				"${PODS_PODFILE_DIR_PATH}/Podfile.lock",
				"${PODS_ROOT}/Manifest.lock",
			);
			name = "[CP] Check Pods Manifest.lock";
			outputFileListPaths = (
			);
			outputPaths = (
				"$(DERIVED_FILE_DIR)/Pods-LFDemoTests-checkManifestLockResult.txt",
			);
			runOnlyForDeploymentPostprocessing = 0;
			shellPath = /bin/sh;
			shellScript = "diff \"${PODS_PODFILE_DIR_PATH}/Podfile.lock\" \"${PODS_ROOT}/Manifest.lock\" > /dev/null\nif [ $? != 0 ] ; then\n    # print error to STDERR\n    echo \"error: The sandbox is not in sync with the Podfile.lock. Run 'pod install' or update your CocoaPods installation.\" >&2\n    exit 1\nfi\n# This output is used by Xcode 'outputs' to avoid re-running this script phase.\necho \"SUCCESS\" > \"${SCRIPT_OUTPUT_FILE_0}\"\n";
			showEnvVarsInLog = 0;
		};
		869FF3ECD27FEE9945C7718E /* [CP] Check Pods Manifest.lock */ = {
			isa = PBXShellScriptBuildPhase;
			buildActionMask = 2147483647;
			files = (
			);
			inputFileListPaths = (
			);
			inputPaths = (
				"${PODS_PODFILE_DIR_PATH}/Podfile.lock",
				"${PODS_ROOT}/Manifest.lock",
			);
			name = "[CP] Check Pods Manifest.lock";
			outputFileListPaths = (
			);
			outputPaths = (
				"$(DERIVED_FILE_DIR)/Pods-LFDemo-checkManifestLockResult.txt",
			);
			runOnlyForDeploymentPostprocessing = 0;
			shellPath = /bin/sh;
			shellScript = "diff \"${PODS_PODFILE_DIR_PATH}/Podfile.lock\" \"${PODS_ROOT}/Manifest.lock\" > /dev/null\nif [ $? != 0 ] ; then\n    # print error to STDERR\n    echo \"error: The sandbox is not in sync with the Podfile.lock. Run 'pod install' or update your CocoaPods installation.\" >&2\n    exit 1\nfi\n# This output is used by Xcode 'outputs' to avoid re-running this script phase.\necho \"SUCCESS\" > \"${SCRIPT_OUTPUT_FILE_0}\"\n";
			showEnvVarsInLog = 0;
		};
		CDA92684FC420C395C24C553 /* [CP] Check Pods Manifest.lock */ = {
			isa = PBXShellScriptBuildPhase;
			buildActionMask = 2147483647;
			files = (
			);
			inputFileListPaths = (
			);
			inputPaths = (
				"${PODS_PODFILE_DIR_PATH}/Podfile.lock",
				"${PODS_ROOT}/Manifest.lock",
			);
			name = "[CP] Check Pods Manifest.lock";
			outputFileListPaths = (
			);
			outputPaths = (
				"$(DERIVED_FILE_DIR)/Pods-LFDemoUITests-checkManifestLockResult.txt",
			);
			runOnlyForDeploymentPostprocessing = 0;
			shellPath = /bin/sh;
			shellScript = "diff \"${PODS_PODFILE_DIR_PATH}/Podfile.lock\" \"${PODS_ROOT}/Manifest.lock\" > /dev/null\nif [ $? != 0 ] ; then\n    # print error to STDERR\n    echo \"error: The sandbox is not in sync with the Podfile.lock. Run 'pod install' or update your CocoaPods installation.\" >&2\n    exit 1\nfi\n# This output is used by Xcode 'outputs' to avoid re-running this script phase.\necho \"SUCCESS\" > \"${SCRIPT_OUTPUT_FILE_0}\"\n";
			showEnvVarsInLog = 0;
		};
/* End PBXShellScriptBuildPhase section */

/* Begin PBXSourcesBuildPhase section */
		094F080D218F1DAC00445FEE /* Sources */ = {
			isa = PBXSourcesBuildPhase;
			buildActionMask = 2147483647;
			files = (
				094F085E218F45CA00445FEE /* YYFPSLabel.m in Sources */,
				094F0819218F1DAC00445FEE /* ViewController.m in Sources */,
				63D115F121CDEF5600E35504 /* LFTextShowAllVC.m in Sources */,
				09113011236A76340001A9E9 /* JSContextTestVC.m in Sources */,
				09CCD5B62363E3680050AD8D /* NSURLProtocol+WebKitSupport.m in Sources */,
				0929DC39234DD1BC00BD1A1A /* TestRotateController.m in Sources */,
				09232DED241098B6006B1ECB /* CGHDownloadManager.m in Sources */,
				0979BB5A233315A900ECCE27 /* CGHWebController.m in Sources */,
				09EB59E42351C0A90047E031 /* CGHNavigationController.m in Sources */,
				6376F8712216C9D60005A1C4 /* YYCache_TestVC.m in Sources */,
				094F0824218F1DB000445FEE /* main.m in Sources */,
				6311B70C21EED7620058F650 /* ErrorImageTestVC.m in Sources */,
				094F0854218F3B9300445FEE /* LFOptimazeTableVC.m in Sources */,
				09DB2300242080A500965F0A /* CGHJSTimer.m in Sources */,
				094F0858218F3BB100445FEE /* LFUserCell.m in Sources */,
				09F0A2A824125B7400A3C815 /* FileDownloadCell.m in Sources */,
				09F0A2A324125AFF00A3C815 /* TestFileDownloadTableVC.m in Sources */,
				09431631234C2108004C985B /* TestAudioVC.m in Sources */,
				09232DF3241099E1006B1ECB /* CGHDownloadTask.m in Sources */,
				09F3325B23B35469009022B6 /* CGHAudioStateManager.m in Sources */,
				6376F8752216CA080005A1C4 /* DYCircleCacheHelper.m in Sources */,
				09CCD5B72363E3680050AD8D /* NSString+ACObfuscation.m in Sources */,
				09D9CF682410F1D100DFF038 /* CGHDownloadUtil.m in Sources */,
				631B0ADD21E8374D00CEBE60 /* UITextFieldTestVC.m in Sources */,
				092EFCA32423218E00BC73E1 /* CGHContactUtil.m in Sources */,
				094F0816218F1DAC00445FEE /* AppDelegate.m in Sources */,
				09CCD5AF2363DBB80050AD8D /* CGHWebSocketServerURLProtocol.m in Sources */,
			);
			runOnlyForDeploymentPostprocessing = 0;
		};
		094F0825218F1DB100445FEE /* Sources */ = {
			isa = PBXSourcesBuildPhase;
			buildActionMask = 2147483647;
			files = (
				094F082E218F1DB100445FEE /* LFDemoTests.m in Sources */,
			);
			runOnlyForDeploymentPostprocessing = 0;
		};
		094F0830218F1DB100445FEE /* Sources */ = {
			isa = PBXSourcesBuildPhase;
			buildActionMask = 2147483647;
			files = (
				094F0839218F1DB100445FEE /* LFDemoUITests.m in Sources */,
			);
			runOnlyForDeploymentPostprocessing = 0;
		};
/* End PBXSourcesBuildPhase section */

/* Begin PBXTargetDependency section */
		094F082B218F1DB100445FEE /* PBXTargetDependency */ = {
			isa = PBXTargetDependency;
			target = 094F0810218F1DAC00445FEE /* LFDemo */;
			targetProxy = 094F082A218F1DB100445FEE /* PBXContainerItemProxy */;
		};
		094F0836218F1DB100445FEE /* PBXTargetDependency */ = {
			isa = PBXTargetDependency;
			target = 094F0810218F1DAC00445FEE /* LFDemo */;
			targetProxy = 094F0835218F1DB100445FEE /* PBXContainerItemProxy */;
		};
/* End PBXTargetDependency section */

/* Begin PBXVariantGroup section */
		094F081A218F1DAC00445FEE /* Main.storyboard */ = {
			isa = PBXVariantGroup;
			children = (
				094F081B218F1DAC00445FEE /* Base */,
			);
			name = Main.storyboard;
			sourceTree = "<group>";
		};
		094F081F218F1DB000445FEE /* LaunchScreen.storyboard */ = {
			isa = PBXVariantGroup;
			children = (
				094F0820218F1DB000445FEE /* Base */,
			);
			name = LaunchScreen.storyboard;
			sourceTree = "<group>";
		};
/* End PBXVariantGroup section */

/* Begin XCBuildConfiguration section */
		094F083B218F1DB100445FEE /* Debug */ = {
			isa = XCBuildConfiguration;
			buildSettings = {
				ALWAYS_SEARCH_USER_PATHS = NO;
				CLANG_ANALYZER_NONNULL = YES;
				CLANG_ANALYZER_NUMBER_OBJECT_CONVERSION = YES_AGGRESSIVE;
				CLANG_CXX_LANGUAGE_STANDARD = "gnu++14";
				CLANG_CXX_LIBRARY = "libc++";
				CLANG_ENABLE_MODULES = YES;
				CLANG_ENABLE_OBJC_ARC = YES;
				CLANG_ENABLE_OBJC_WEAK = YES;
				CLANG_WARN_BLOCK_CAPTURE_AUTORELEASING = YES;
				CLANG_WARN_BOOL_CONVERSION = YES;
				CLANG_WARN_COMMA = YES;
				CLANG_WARN_CONSTANT_CONVERSION = YES;
				CLANG_WARN_DEPRECATED_OBJC_IMPLEMENTATIONS = YES;
				CLANG_WARN_DIRECT_OBJC_ISA_USAGE = YES_ERROR;
				CLANG_WARN_DOCUMENTATION_COMMENTS = YES;
				CLANG_WARN_EMPTY_BODY = YES;
				CLANG_WARN_ENUM_CONVERSION = YES;
				CLANG_WARN_INFINITE_RECURSION = YES;
				CLANG_WARN_INT_CONVERSION = YES;
				CLANG_WARN_NON_LITERAL_NULL_CONVERSION = YES;
				CLANG_WARN_OBJC_IMPLICIT_RETAIN_SELF = YES;
				CLANG_WARN_OBJC_LITERAL_CONVERSION = YES;
				CLANG_WARN_OBJC_ROOT_CLASS = YES_ERROR;
				CLANG_WARN_RANGE_LOOP_ANALYSIS = YES;
				CLANG_WARN_STRICT_PROTOTYPES = YES;
				CLANG_WARN_SUSPICIOUS_MOVE = YES;
				CLANG_WARN_UNGUARDED_AVAILABILITY = YES_AGGRESSIVE;
				CLANG_WARN_UNREACHABLE_CODE = YES;
				CLANG_WARN__DUPLICATE_METHOD_MATCH = YES;
				CODE_SIGN_IDENTITY = "iPhone Developer";
				COPY_PHASE_STRIP = NO;
				DEBUG_INFORMATION_FORMAT = dwarf;
				ENABLE_STRICT_OBJC_MSGSEND = YES;
				ENABLE_TESTABILITY = YES;
				GCC_C_LANGUAGE_STANDARD = gnu11;
				GCC_DYNAMIC_NO_PIC = NO;
				GCC_NO_COMMON_BLOCKS = YES;
				GCC_OPTIMIZATION_LEVEL = 0;
				GCC_PREPROCESSOR_DEFINITIONS = (
					"DEBUG=1",
					"$(inherited)",
				);
				GCC_WARN_64_TO_32_BIT_CONVERSION = YES;
				GCC_WARN_ABOUT_RETURN_TYPE = YES_ERROR;
				GCC_WARN_UNDECLARED_SELECTOR = YES;
				GCC_WARN_UNINITIALIZED_AUTOS = YES_AGGRESSIVE;
				GCC_WARN_UNUSED_FUNCTION = YES;
				GCC_WARN_UNUSED_VARIABLE = YES;
				IPHONEOS_DEPLOYMENT_TARGET = 12.0;
				MTL_ENABLE_DEBUG_INFO = INCLUDE_SOURCE;
				MTL_FAST_MATH = YES;
				ONLY_ACTIVE_ARCH = YES;
				SDKROOT = iphoneos;
			};
			name = Debug;
		};
		094F083C218F1DB100445FEE /* Release */ = {
			isa = XCBuildConfiguration;
			buildSettings = {
				ALWAYS_SEARCH_USER_PATHS = NO;
				CLANG_ANALYZER_NONNULL = YES;
				CLANG_ANALYZER_NUMBER_OBJECT_CONVERSION = YES_AGGRESSIVE;
				CLANG_CXX_LANGUAGE_STANDARD = "gnu++14";
				CLANG_CXX_LIBRARY = "libc++";
				CLANG_ENABLE_MODULES = YES;
				CLANG_ENABLE_OBJC_ARC = YES;
				CLANG_ENABLE_OBJC_WEAK = YES;
				CLANG_WARN_BLOCK_CAPTURE_AUTORELEASING = YES;
				CLANG_WARN_BOOL_CONVERSION = YES;
				CLANG_WARN_COMMA = YES;
				CLANG_WARN_CONSTANT_CONVERSION = YES;
				CLANG_WARN_DEPRECATED_OBJC_IMPLEMENTATIONS = YES;
				CLANG_WARN_DIRECT_OBJC_ISA_USAGE = YES_ERROR;
				CLANG_WARN_DOCUMENTATION_COMMENTS = YES;
				CLANG_WARN_EMPTY_BODY = YES;
				CLANG_WARN_ENUM_CONVERSION = YES;
				CLANG_WARN_INFINITE_RECURSION = YES;
				CLANG_WARN_INT_CONVERSION = YES;
				CLANG_WARN_NON_LITERAL_NULL_CONVERSION = YES;
				CLANG_WARN_OBJC_IMPLICIT_RETAIN_SELF = YES;
				CLANG_WARN_OBJC_LITERAL_CONVERSION = YES;
				CLANG_WARN_OBJC_ROOT_CLASS = YES_ERROR;
				CLANG_WARN_RANGE_LOOP_ANALYSIS = YES;
				CLANG_WARN_STRICT_PROTOTYPES = YES;
				CLANG_WARN_SUSPICIOUS_MOVE = YES;
				CLANG_WARN_UNGUARDED_AVAILABILITY = YES_AGGRESSIVE;
				CLANG_WARN_UNREACHABLE_CODE = YES;
				CLANG_WARN__DUPLICATE_METHOD_MATCH = YES;
				CODE_SIGN_IDENTITY = "iPhone Developer";
				COPY_PHASE_STRIP = NO;
				DEBUG_INFORMATION_FORMAT = "dwarf-with-dsym";
				ENABLE_NS_ASSERTIONS = NO;
				ENABLE_STRICT_OBJC_MSGSEND = YES;
				GCC_C_LANGUAGE_STANDARD = gnu11;
				GCC_NO_COMMON_BLOCKS = YES;
				GCC_WARN_64_TO_32_BIT_CONVERSION = YES;
				GCC_WARN_ABOUT_RETURN_TYPE = YES_ERROR;
				GCC_WARN_UNDECLARED_SELECTOR = YES;
				GCC_WARN_UNINITIALIZED_AUTOS = YES_AGGRESSIVE;
				GCC_WARN_UNUSED_FUNCTION = YES;
				GCC_WARN_UNUSED_VARIABLE = YES;
				IPHONEOS_DEPLOYMENT_TARGET = 12.0;
				MTL_ENABLE_DEBUG_INFO = NO;
				MTL_FAST_MATH = YES;
				SDKROOT = iphoneos;
				VALIDATE_PRODUCT = YES;
			};
			name = Release;
		};
		094F083E218F1DB100445FEE /* Debug */ = {
			isa = XCBuildConfiguration;
			baseConfigurationReference = B2D072A2F4E528A3210830EB /* Pods-LFDemo.debug.xcconfig */;
			buildSettings = {
				ASSETCATALOG_COMPILER_APPICON_NAME = AppIcon;
				CLANG_CXX_LANGUAGE_STANDARD = "gnu++14";
				CODE_SIGN_STYLE = Automatic;
				DEBUG_INFORMATION_FORMAT = "dwarf-with-dsym";
				DEVELOPMENT_TEAM = AF8F677DE2;
				GCC_C_LANGUAGE_STANDARD = gnu11;
				INFOPLIST_FILE = LFDemo/Info.plist;
				IPHONEOS_DEPLOYMENT_TARGET = 10.0;
				LD_RUNPATH_SEARCH_PATHS = (
					"$(inherited)",
					"@executable_path/Frameworks",
				);
				OTHER_CPLUSPLUSFLAGS = (
					"$(OTHER_CFLAGS)",
					"-DASIO_STANDALONE",
					"-I\"$(SRCROOT)/LFDemo/Test/Socket/Frameworks\"",
					"-I\"$(SRCROOT)/LFDemo/Test/Socket/Frameworks/asio\"",
				);
				PRODUCT_BUNDLE_IDENTIFIER = com.lio.LFDemo.a;
				PRODUCT_NAME = "$(TARGET_NAME)";
				TARGETED_DEVICE_FAMILY = "1,2";
			};
			name = Debug;
		};
		094F083F218F1DB100445FEE /* Release */ = {
			isa = XCBuildConfiguration;
			baseConfigurationReference = 8E4C9C97D11F058BB60D6A93 /* Pods-LFDemo.release.xcconfig */;
			buildSettings = {
				ASSETCATALOG_COMPILER_APPICON_NAME = AppIcon;
				CLANG_CXX_LANGUAGE_STANDARD = "gnu++14";
				CODE_SIGN_STYLE = Automatic;
				DEVELOPMENT_TEAM = AF8F677DE2;
				GCC_C_LANGUAGE_STANDARD = gnu11;
				INFOPLIST_FILE = LFDemo/Info.plist;
				IPHONEOS_DEPLOYMENT_TARGET = 10.0;
				LD_RUNPATH_SEARCH_PATHS = (
					"$(inherited)",
					"@executable_path/Frameworks",
				);
				PRODUCT_BUNDLE_IDENTIFIER = com.lio.LFDemo.a;
				PRODUCT_NAME = "$(TARGET_NAME)";
				TARGETED_DEVICE_FAMILY = "1,2";
			};
			name = Release;
		};
		094F0841218F1DB100445FEE /* Debug */ = {
			isa = XCBuildConfiguration;
			baseConfigurationReference = 07CD6463203455E32A8C76CB /* Pods-LFDemoTests.debug.xcconfig */;
			buildSettings = {
				BUNDLE_LOADER = "$(TEST_HOST)";
				CODE_SIGN_STYLE = Automatic;
				DEVELOPMENT_TEAM = 9PJ22KK765;
				INFOPLIST_FILE = LFDemoTests/Info.plist;
				LD_RUNPATH_SEARCH_PATHS = (
					"$(inherited)",
					"@executable_path/Frameworks",
					"@loader_path/Frameworks",
				);
				PRODUCT_BUNDLE_IDENTIFIER = com.lio.LFDemoTests;
				PRODUCT_NAME = "$(TARGET_NAME)";
				TARGETED_DEVICE_FAMILY = "1,2";
				TEST_HOST = "$(BUILT_PRODUCTS_DIR)/LFDemo.app/LFDemo";
			};
			name = Debug;
		};
		094F0842218F1DB100445FEE /* Release */ = {
			isa = XCBuildConfiguration;
			baseConfigurationReference = AC80C295C0F075A100FE9FD7 /* Pods-LFDemoTests.release.xcconfig */;
			buildSettings = {
				BUNDLE_LOADER = "$(TEST_HOST)";
				CODE_SIGN_STYLE = Automatic;
				DEVELOPMENT_TEAM = 9PJ22KK765;
				INFOPLIST_FILE = LFDemoTests/Info.plist;
				LD_RUNPATH_SEARCH_PATHS = (
					"$(inherited)",
					"@executable_path/Frameworks",
					"@loader_path/Frameworks",
				);
				PRODUCT_BUNDLE_IDENTIFIER = com.lio.LFDemoTests;
				PRODUCT_NAME = "$(TARGET_NAME)";
				TARGETED_DEVICE_FAMILY = "1,2";
				TEST_HOST = "$(BUILT_PRODUCTS_DIR)/LFDemo.app/LFDemo";
			};
			name = Release;
		};
		094F0844218F1DB100445FEE /* Debug */ = {
			isa = XCBuildConfiguration;
			baseConfigurationReference = 0DAFC32F3BFFA1488E94CD21 /* Pods-LFDemoUITests.debug.xcconfig */;
			buildSettings = {
				CODE_SIGN_STYLE = Automatic;
				DEVELOPMENT_TEAM = 9PJ22KK765;
				INFOPLIST_FILE = LFDemoUITests/Info.plist;
				LD_RUNPATH_SEARCH_PATHS = (
					"$(inherited)",
					"@executable_path/Frameworks",
					"@loader_path/Frameworks",
				);
				PRODUCT_BUNDLE_IDENTIFIER = com.lio.LFDemoUITests;
				PRODUCT_NAME = "$(TARGET_NAME)";
				TARGETED_DEVICE_FAMILY = "1,2";
				TEST_TARGET_NAME = LFDemo;
			};
			name = Debug;
		};
		094F0845218F1DB100445FEE /* Release */ = {
			isa = XCBuildConfiguration;
			baseConfigurationReference = 6D2CC1CCB35EFEEC38BBF562 /* Pods-LFDemoUITests.release.xcconfig */;
			buildSettings = {
				CODE_SIGN_STYLE = Automatic;
				DEVELOPMENT_TEAM = 9PJ22KK765;
				INFOPLIST_FILE = LFDemoUITests/Info.plist;
				LD_RUNPATH_SEARCH_PATHS = (
					"$(inherited)",
					"@executable_path/Frameworks",
					"@loader_path/Frameworks",
				);
				PRODUCT_BUNDLE_IDENTIFIER = com.lio.LFDemoUITests;
				PRODUCT_NAME = "$(TARGET_NAME)";
				TARGETED_DEVICE_FAMILY = "1,2";
				TEST_TARGET_NAME = LFDemo;
			};
			name = Release;
		};
/* End XCBuildConfiguration section */

/* Begin XCConfigurationList section */
		094F080C218F1DAC00445FEE /* Build configuration list for PBXProject "LFDemo" */ = {
			isa = XCConfigurationList;
			buildConfigurations = (
				094F083B218F1DB100445FEE /* Debug */,
				094F083C218F1DB100445FEE /* Release */,
			);
			defaultConfigurationIsVisible = 0;
			defaultConfigurationName = Release;
		};
		094F083D218F1DB100445FEE /* Build configuration list for PBXNativeTarget "LFDemo" */ = {
			isa = XCConfigurationList;
			buildConfigurations = (
				094F083E218F1DB100445FEE /* Debug */,
				094F083F218F1DB100445FEE /* Release */,
			);
			defaultConfigurationIsVisible = 0;
			defaultConfigurationName = Release;
		};
		094F0840218F1DB100445FEE /* Build configuration list for PBXNativeTarget "LFDemoTests" */ = {
			isa = XCConfigurationList;
			buildConfigurations = (
				094F0841218F1DB100445FEE /* Debug */,
				094F0842218F1DB100445FEE /* Release */,
			);
			defaultConfigurationIsVisible = 0;
			defaultConfigurationName = Release;
		};
		094F0843218F1DB100445FEE /* Build configuration list for PBXNativeTarget "LFDemoUITests" */ = {
			isa = XCConfigurationList;
			buildConfigurations = (
				094F0844218F1DB100445FEE /* Debug */,
				094F0845218F1DB100445FEE /* Release */,
			);
			defaultConfigurationIsVisible = 0;
			defaultConfigurationName = Release;
		};
/* End XCConfigurationList section */
	};
	rootObject = 094F0809218F1DAC00445FEE /* Project object */;
}
